
Microsoft Visual Studio Solution File, Format Version 12.00
# Visual Studio Version 16
VisualStudioVersion = 16.0.29509.3
MinimumVisualStudioVersion = 10.0.40219.1
Project("{FAE04EC0-301F-11D3-BF4B-00C04F79EFBC}") = "Post_Deals_Final_Project", "Post_Deals_Final_Project.csproj", "{2967B881-281D-4D88-AE9F-FB254B836516}"
EndProject
Global
	GlobalSection(SolutionConfigurationPlatforms) = preSolution
		Debug|Any CPU = Debug|Any CPU
		Release|Any CPU = Release|Any CPU
	EndGlobalSection
	GlobalSection(ProjectConfigurationPlatforms) = postSolution
		{2967B881-281D-4D88-AE9F-FB254B836516}.Debug|Any CPU.ActiveCfg = Debug|Any CPU
		{2967B881-281D-4D88-AE9F-FB254B836516}.Debug|Any CPU.Build.0 = Debug|Any CPU
		{2967B881-281D-4D88-AE9F-FB254B836516}.Release|Any CPU.ActiveCfg = Release|Any CPU
		{2967B881-281D-4D88-AE9F-FB254B836516}.Release|Any CPU.Build.0 = Release|Any CPU
	EndGlobalSection
	GlobalSection(SolutionProperties) = preSolution
		HideSolutionNode = FALSE
	EndGlobalSection
	GlobalSection(ExtensibilityGlobals) = postSolution
		SolutionGuid = {7C0B99DA-8313-4CBA-AD47-4559911E385E}
	EndGlobalSection
EndGlobal
